
Microsoft Visual Studio Solution File, Format Version 12.00
# Visual Studio Version 16
VisualStudioVersion = 16.0.30114.105
MinimumVisualStudioVersion = 10.0.40219.1
Project("{2150E333-8FDC-42A3-9474-1A3956D46DE8}") = "src", "src", "{93D027CC-BF32-4A6A-8ECD-6A3DCE3D6989}"
EndProject
Project("{FAE04EC0-301F-11D3-BF4B-00C04F79EFBC}") = "CommandAPI", "src\CommandAPI\CommandAPI.csproj", "{6E7560EE-0250-4CBD-8842-5BB485F5DFC5}"
EndProject
Project("{2150E333-8FDC-42A3-9474-1A3956D46DE8}") = "test", "test", "{1FFA1F53-FE6E-48B0-BF66-820E4EDC0327}"
EndProject
Project("{FAE04EC0-301F-11D3-BF4B-00C04F79EFBC}") = "CommandAPI.Tests", "test\CommandAPI.Tests\CommandAPI.Tests.csproj", "{C50AD1C7-CE4D-4830-A1E1-C642C7AD0171}"
EndProject
Global
	GlobalSection(SolutionConfigurationPlatforms) = preSolution
		Debug|Any CPU = Debug|Any CPU
		Release|Any CPU = Release|Any CPU
	EndGlobalSection
	GlobalSection(SolutionProperties) = preSolution
		HideSolutionNode = FALSE
	EndGlobalSection
	GlobalSection(ProjectConfigurationPlatforms) = postSolution
		{6E7560EE-0250-4CBD-8842-5BB485F5DFC5}.Debug|Any CPU.ActiveCfg = Debug|Any CPU
		{6E7560EE-0250-4CBD-8842-5BB485F5DFC5}.Debug|Any CPU.Build.0 = Debug|Any CPU
		{6E7560EE-0250-4CBD-8842-5BB485F5DFC5}.Release|Any CPU.ActiveCfg = Release|Any CPU
		{6E7560EE-0250-4CBD-8842-5BB485F5DFC5}.Release|Any CPU.Build.0 = Release|Any CPU
		{C50AD1C7-CE4D-4830-A1E1-C642C7AD0171}.Debug|Any CPU.ActiveCfg = Debug|Any CPU
		{C50AD1C7-CE4D-4830-A1E1-C642C7AD0171}.Debug|Any CPU.Build.0 = Debug|Any CPU
		{C50AD1C7-CE4D-4830-A1E1-C642C7AD0171}.Release|Any CPU.ActiveCfg = Release|Any CPU
		{C50AD1C7-CE4D-4830-A1E1-C642C7AD0171}.Release|Any CPU.Build.0 = Release|Any CPU
	EndGlobalSection
	GlobalSection(NestedProjects) = preSolution
		{6E7560EE-0250-4CBD-8842-5BB485F5DFC5} = {93D027CC-BF32-4A6A-8ECD-6A3DCE3D6989}
		{C50AD1C7-CE4D-4830-A1E1-C642C7AD0171} = {1FFA1F53-FE6E-48B0-BF66-820E4EDC0327}
	EndGlobalSection
EndGlobal
